// !$*UTF8*$!
{
	archiveVersion = 1;
	classes = {
	};
	objectVersion = 55;
	objects = {

/* Begin PBXBuildFile section */
		96259FD52838691200278C1A /* NetworkManager.swift in Sources */ = {isa = PBXBuildFile; fileRef = 96259FD42838691200278C1A /* NetworkManager.swift */; };
		96BFD2AC2835E84400D4DF54 /* AppDelegate.swift in Sources */ = {isa = PBXBuildFile; fileRef = 96BFD2AB2835E84400D4DF54 /* AppDelegate.swift */; };
		96BFD2AE2835E84400D4DF54 /* SceneDelegate.swift in Sources */ = {isa = PBXBuildFile; fileRef = 96BFD2AD2835E84400D4DF54 /* SceneDelegate.swift */; };
		96BFD2B62835E84400D4DF54 /* GitBot.xcdatamodeld in Sources */ = {isa = PBXBuildFile; fileRef = 96BFD2B42835E84400D4DF54 /* GitBot.xcdatamodeld */; };
		96BFD2B82835E84900D4DF54 /* Assets.xcassets in Resources */ = {isa = PBXBuildFile; fileRef = 96BFD2B72835E84900D4DF54 /* Assets.xcassets */; };
		96BFD2BB2835E84900D4DF54 /* LaunchScreen.storyboard in Resources */ = {isa = PBXBuildFile; fileRef = 96BFD2B92835E84900D4DF54 /* LaunchScreen.storyboard */; };
		96BFD2C62835E84900D4DF54 /* GitBotTests.swift in Sources */ = {isa = PBXBuildFile; fileRef = 96BFD2C52835E84900D4DF54 /* GitBotTests.swift */; };
		96BFD2D02835E84900D4DF54 /* GitBotUITests.swift in Sources */ = {isa = PBXBuildFile; fileRef = 96BFD2CF2835E84900D4DF54 /* GitBotUITests.swift */; };
		96BFD2D22835E84900D4DF54 /* GitBotUITestsLaunchTests.swift in Sources */ = {isa = PBXBuildFile; fileRef = 96BFD2D12835E84900D4DF54 /* GitBotUITestsLaunchTests.swift */; };
		96C638E22836C95E001CAC57 /* SearchViewController.swift in Sources */ = {isa = PBXBuildFile; fileRef = 96C638E12836C95E001CAC57 /* SearchViewController.swift */; };
		96C638E42836C982001CAC57 /* FavoritesViewController.swift in Sources */ = {isa = PBXBuildFile; fileRef = 96C638E32836C982001CAC57 /* FavoritesViewController.swift */; };
		96C638E62837189F001CAC57 /* GBButton.swift in Sources */ = {isa = PBXBuildFile; fileRef = 96C638E52837189F001CAC57 /* GBButton.swift */; };
		96C638E828371C01001CAC57 /* GBTextField.swift in Sources */ = {isa = PBXBuildFile; fileRef = 96C638E728371C01001CAC57 /* GBTextField.swift */; };
		96C638EA28372BC0001CAC57 /* FollowerListViewController.swift in Sources */ = {isa = PBXBuildFile; fileRef = 96C638E928372BC0001CAC57 /* FollowerListViewController.swift */; };
		96C638EC283732DC001CAC57 /* GBTitleLabel.swift in Sources */ = {isa = PBXBuildFile; fileRef = 96C638EB283732DC001CAC57 /* GBTitleLabel.swift */; };
		96C638EE28373431001CAC57 /* GBBodyLabel.swift in Sources */ = {isa = PBXBuildFile; fileRef = 96C638ED28373431001CAC57 /* GBBodyLabel.swift */; };
		96C638F0283734E7001CAC57 /* GBAlertViewController.swift in Sources */ = {isa = PBXBuildFile; fileRef = 96C638EF283734E7001CAC57 /* GBAlertViewController.swift */; };
		96C638F228373C5B001CAC57 /* UIViewController+Ext.swift in Sources */ = {isa = PBXBuildFile; fileRef = 96C638F128373C5B001CAC57 /* UIViewController+Ext.swift */; };
		96C638FB28377C80001CAC57 /* Follower.swift in Sources */ = {isa = PBXBuildFile; fileRef = 96C638FA28377C80001CAC57 /* Follower.swift */; };
		96C638FD28377D7F001CAC57 /* User.swift in Sources */ = {isa = PBXBuildFile; fileRef = 96C638FC28377D7F001CAC57 /* User.swift */; };
/* End PBXBuildFile section */

/* Begin PBXContainerItemProxy section */
		96BFD2C22835E84900D4DF54 /* PBXContainerItemProxy */ = {
			isa = PBXContainerItemProxy;
			containerPortal = 96BFD2A02835E84400D4DF54 /* Project object */;
			proxyType = 1;
			remoteGlobalIDString = 96BFD2A72835E84400D4DF54;
			remoteInfo = GitBot;
		};
		96BFD2CC2835E84900D4DF54 /* PBXContainerItemProxy */ = {
			isa = PBXContainerItemProxy;
			containerPortal = 96BFD2A02835E84400D4DF54 /* Project object */;
			proxyType = 1;
			remoteGlobalIDString = 96BFD2A72835E84400D4DF54;
			remoteInfo = GitBot;
		};
/* End PBXContainerItemProxy section */

/* Begin PBXFileReference section */
		96259FD42838691200278C1A /* NetworkManager.swift */ = {isa = PBXFileReference; lastKnownFileType = sourcecode.swift; path = NetworkManager.swift; sourceTree = "<group>"; };
		96BFD2A82835E84400D4DF54 /* GitBot.app */ = {isa = PBXFileReference; explicitFileType = wrapper.application; includeInIndex = 0; path = GitBot.app; sourceTree = BUILT_PRODUCTS_DIR; };
		96BFD2AB2835E84400D4DF54 /* AppDelegate.swift */ = {isa = PBXFileReference; lastKnownFileType = sourcecode.swift; path = AppDelegate.swift; sourceTree = "<group>"; };
		96BFD2AD2835E84400D4DF54 /* SceneDelegate.swift */ = {isa = PBXFileReference; lastKnownFileType = sourcecode.swift; path = SceneDelegate.swift; sourceTree = "<group>"; };
		96BFD2B52835E84400D4DF54 /* GitBot.xcdatamodel */ = {isa = PBXFileReference; lastKnownFileType = wrapper.xcdatamodel; path = GitBot.xcdatamodel; sourceTree = "<group>"; };
		96BFD2B72835E84900D4DF54 /* Assets.xcassets */ = {isa = PBXFileReference; lastKnownFileType = folder.assetcatalog; path = Assets.xcassets; sourceTree = "<group>"; };
		96BFD2BA2835E84900D4DF54 /* Base */ = {isa = PBXFileReference; lastKnownFileType = file.storyboard; name = Base; path = Base.lproj/LaunchScreen.storyboard; sourceTree = "<group>"; };
		96BFD2BC2835E84900D4DF54 /* Info.plist */ = {isa = PBXFileReference; lastKnownFileType = text.plist.xml; path = Info.plist; sourceTree = "<group>"; };
		96BFD2C12835E84900D4DF54 /* GitBotTests.xctest */ = {isa = PBXFileReference; explicitFileType = wrapper.cfbundle; includeInIndex = 0; path = GitBotTests.xctest; sourceTree = BUILT_PRODUCTS_DIR; };
		96BFD2C52835E84900D4DF54 /* GitBotTests.swift */ = {isa = PBXFileReference; lastKnownFileType = sourcecode.swift; path = GitBotTests.swift; sourceTree = "<group>"; };
		96BFD2CB2835E84900D4DF54 /* GitBotUITests.xctest */ = {isa = PBXFileReference; explicitFileType = wrapper.cfbundle; includeInIndex = 0; path = GitBotUITests.xctest; sourceTree = BUILT_PRODUCTS_DIR; };
		96BFD2CF2835E84900D4DF54 /* GitBotUITests.swift */ = {isa = PBXFileReference; lastKnownFileType = sourcecode.swift; path = GitBotUITests.swift; sourceTree = "<group>"; };
		96BFD2D12835E84900D4DF54 /* GitBotUITestsLaunchTests.swift */ = {isa = PBXFileReference; lastKnownFileType = sourcecode.swift; path = GitBotUITestsLaunchTests.swift; sourceTree = "<group>"; };
		96C638E12836C95E001CAC57 /* SearchViewController.swift */ = {isa = PBXFileReference; lastKnownFileType = sourcecode.swift; path = SearchViewController.swift; sourceTree = "<group>"; };
		96C638E32836C982001CAC57 /* FavoritesViewController.swift */ = {isa = PBXFileReference; lastKnownFileType = sourcecode.swift; path = FavoritesViewController.swift; sourceTree = "<group>"; };
		96C638E52837189F001CAC57 /* GBButton.swift */ = {isa = PBXFileReference; lastKnownFileType = sourcecode.swift; path = GBButton.swift; sourceTree = "<group>"; };
		96C638E728371C01001CAC57 /* GBTextField.swift */ = {isa = PBXFileReference; lastKnownFileType = sourcecode.swift; path = GBTextField.swift; sourceTree = "<group>"; };
		96C638E928372BC0001CAC57 /* FollowerListViewController.swift */ = {isa = PBXFileReference; lastKnownFileType = sourcecode.swift; path = FollowerListViewController.swift; sourceTree = "<group>"; };
		96C638EB283732DC001CAC57 /* GBTitleLabel.swift */ = {isa = PBXFileReference; lastKnownFileType = sourcecode.swift; path = GBTitleLabel.swift; sourceTree = "<group>"; };
		96C638ED28373431001CAC57 /* GBBodyLabel.swift */ = {isa = PBXFileReference; lastKnownFileType = sourcecode.swift; path = GBBodyLabel.swift; sourceTree = "<group>"; };
		96C638EF283734E7001CAC57 /* GBAlertViewController.swift */ = {isa = PBXFileReference; lastKnownFileType = sourcecode.swift; path = GBAlertViewController.swift; sourceTree = "<group>"; };
		96C638F128373C5B001CAC57 /* UIViewController+Ext.swift */ = {isa = PBXFileReference; lastKnownFileType = sourcecode.swift; path = "UIViewController+Ext.swift"; sourceTree = "<group>"; };
		96C638FA28377C80001CAC57 /* Follower.swift */ = {isa = PBXFileReference; lastKnownFileType = sourcecode.swift; path = Follower.swift; sourceTree = "<group>"; };
		96C638FC28377D7F001CAC57 /* User.swift */ = {isa = PBXFileReference; lastKnownFileType = sourcecode.swift; path = User.swift; sourceTree = "<group>"; };
/* End PBXFileReference section */

/* Begin PBXFrameworksBuildPhase section */
		96BFD2A52835E84400D4DF54 /* Frameworks */ = {
			isa = PBXFrameworksBuildPhase;
			buildActionMask = 2147483647;
			files = (
			);
			runOnlyForDeploymentPostprocessing = 0;
		};
		96BFD2BE2835E84900D4DF54 /* Frameworks */ = {
			isa = PBXFrameworksBuildPhase;
			buildActionMask = 2147483647;
			files = (
			);
			runOnlyForDeploymentPostprocessing = 0;
		};
		96BFD2C82835E84900D4DF54 /* Frameworks */ = {
			isa = PBXFrameworksBuildPhase;
			buildActionMask = 2147483647;
			files = (
			);
			runOnlyForDeploymentPostprocessing = 0;
		};
/* End PBXFrameworksBuildPhase section */

/* Begin PBXGroup section */
		96259FD6283869E200278C1A /* Managers */ = {
			isa = PBXGroup;
			children = (
				96259FD42838691200278C1A /* NetworkManager.swift */,
			);
			path = Managers;
			sourceTree = "<group>";
		};
		96BFD29F2835E84400D4DF54 = {
			isa = PBXGroup;
			children = (
				96BFD2AA2835E84400D4DF54 /* GitBot */,
				96BFD2C42835E84900D4DF54 /* GitBotTests */,
				96BFD2CE2835E84900D4DF54 /* GitBotUITests */,
				96BFD2A92835E84400D4DF54 /* Products */,
			);
			sourceTree = "<group>";
		};
		96BFD2A92835E84400D4DF54 /* Products */ = {
			isa = PBXGroup;
			children = (
				96BFD2A82835E84400D4DF54 /* GitBot.app */,
				96BFD2C12835E84900D4DF54 /* GitBotTests.xctest */,
				96BFD2CB2835E84900D4DF54 /* GitBotUITests.xctest */,
			);
			name = Products;
			sourceTree = "<group>";
		};
		96BFD2AA2835E84400D4DF54 /* GitBot */ = {
			isa = PBXGroup;
			children = (
				96C638F928377C73001CAC57 /* Model */,
				96C638F528377775001CAC57 /* Extensions */,
				96C638F42837774B001CAC57 /* Custom Views */,
				96C638F3283776F6001CAC57 /* Screens */,
				96C638F6283777DC001CAC57 /* Support */,
				96259FD6283869E200278C1A /* Managers */,
			);
			path = GitBot;
			sourceTree = "<group>";
		};
		96BFD2C42835E84900D4DF54 /* GitBotTests */ = {
			isa = PBXGroup;
			children = (
				96BFD2C52835E84900D4DF54 /* GitBotTests.swift */,
			);
			path = GitBotTests;
			sourceTree = "<group>";
		};
		96BFD2CE2835E84900D4DF54 /* GitBotUITests */ = {
			isa = PBXGroup;
			children = (
				96BFD2CF2835E84900D4DF54 /* GitBotUITests.swift */,
				96BFD2D12835E84900D4DF54 /* GitBotUITestsLaunchTests.swift */,
			);
			path = GitBotUITests;
			sourceTree = "<group>";
		};
		96C638F3283776F6001CAC57 /* Screens */ = {
			isa = PBXGroup;
			children = (
				96C638E928372BC0001CAC57 /* FollowerListViewController.swift */,
				96C638E32836C982001CAC57 /* FavoritesViewController.swift */,
				96C638E12836C95E001CAC57 /* SearchViewController.swift */,
			);
			path = Screens;
			sourceTree = "<group>";
		};
		96C638F42837774B001CAC57 /* Custom Views */ = {
			isa = PBXGroup;
			children = (
				96C638EF283734E7001CAC57 /* GBAlertViewController.swift */,
				96C638E52837189F001CAC57 /* GBButton.swift */,
				96C638E728371C01001CAC57 /* GBTextField.swift */,
				96C638EB283732DC001CAC57 /* GBTitleLabel.swift */,
				96C638ED28373431001CAC57 /* GBBodyLabel.swift */,
			);
			path = "Custom Views";
			sourceTree = "<group>";
		};
		96C638F528377775001CAC57 /* Extensions */ = {
			isa = PBXGroup;
			children = (
				96C638F128373C5B001CAC57 /* UIViewController+Ext.swift */,
			);
			path = Extensions;
			sourceTree = "<group>";
		};
		96C638F6283777DC001CAC57 /* Support */ = {
			isa = PBXGroup;
			children = (
				96BFD2AB2835E84400D4DF54 /* AppDelegate.swift */,
				96BFD2AD2835E84400D4DF54 /* SceneDelegate.swift */,
				96BFD2B72835E84900D4DF54 /* Assets.xcassets */,
				96BFD2B92835E84900D4DF54 /* LaunchScreen.storyboard */,
				96BFD2BC2835E84900D4DF54 /* Info.plist */,
				96BFD2B42835E84400D4DF54 /* GitBot.xcdatamodeld */,
			);
			path = Support;
			sourceTree = "<group>";
		};
		96C638F928377C73001CAC57 /* Model */ = {
			isa = PBXGroup;
			children = (
				96C638FA28377C80001CAC57 /* Follower.swift */,
				96C638FC28377D7F001CAC57 /* User.swift */,
			);
			path = Model;
			sourceTree = "<group>";
		};
/* End PBXGroup section */

/* Begin PBXNativeTarget section */
		96BFD2A72835E84400D4DF54 /* GitBot */ = {
			isa = PBXNativeTarget;
			buildConfigurationList = 96BFD2D52835E84900D4DF54 /* Build configuration list for PBXNativeTarget "GitBot" */;
			buildPhases = (
				96BFD2A42835E84400D4DF54 /* Sources */,
				96BFD2A52835E84400D4DF54 /* Frameworks */,
				96BFD2A62835E84400D4DF54 /* Resources */,
			);
			buildRules = (
			);
			dependencies = (
			);
			name = GitBot;
			productName = GitBot;
			productReference = 96BFD2A82835E84400D4DF54 /* GitBot.app */;
			productType = "com.apple.product-type.application";
		};
		96BFD2C02835E84900D4DF54 /* GitBotTests */ = {
			isa = PBXNativeTarget;
			buildConfigurationList = 96BFD2D82835E84900D4DF54 /* Build configuration list for PBXNativeTarget "GitBotTests" */;
			buildPhases = (
				96BFD2BD2835E84900D4DF54 /* Sources */,
				96BFD2BE2835E84900D4DF54 /* Frameworks */,
				96BFD2BF2835E84900D4DF54 /* Resources */,
			);
			buildRules = (
			);
			dependencies = (
				96BFD2C32835E84900D4DF54 /* PBXTargetDependency */,
			);
			name = GitBotTests;
			productName = GitBotTests;
			productReference = 96BFD2C12835E84900D4DF54 /* GitBotTests.xctest */;
			productType = "com.apple.product-type.bundle.unit-test";
		};
		96BFD2CA2835E84900D4DF54 /* GitBotUITests */ = {
			isa = PBXNativeTarget;
			buildConfigurationList = 96BFD2DB2835E84900D4DF54 /* Build configuration list for PBXNativeTarget "GitBotUITests" */;
			buildPhases = (
				96BFD2C72835E84900D4DF54 /* Sources */,
				96BFD2C82835E84900D4DF54 /* Frameworks */,
				96BFD2C92835E84900D4DF54 /* Resources */,
			);
			buildRules = (
			);
			dependencies = (
				96BFD2CD2835E84900D4DF54 /* PBXTargetDependency */,
			);
			name = GitBotUITests;
			productName = GitBotUITests;
			productReference = 96BFD2CB2835E84900D4DF54 /* GitBotUITests.xctest */;
			productType = "com.apple.product-type.bundle.ui-testing";
		};
/* End PBXNativeTarget section */

/* Begin PBXProject section */
		96BFD2A02835E84400D4DF54 /* Project object */ = {
			isa = PBXProject;
			attributes = {
				BuildIndependentTargetsInParallel = 1;
				LastSwiftUpdateCheck = 1330;
				LastUpgradeCheck = 1330;
				TargetAttributes = {
					96BFD2A72835E84400D4DF54 = {
						CreatedOnToolsVersion = 13.3;
					};
					96BFD2C02835E84900D4DF54 = {
						CreatedOnToolsVersion = 13.3;
						TestTargetID = 96BFD2A72835E84400D4DF54;
					};
					96BFD2CA2835E84900D4DF54 = {
						CreatedOnToolsVersion = 13.3;
						TestTargetID = 96BFD2A72835E84400D4DF54;
					};
				};
			};
			buildConfigurationList = 96BFD2A32835E84400D4DF54 /* Build configuration list for PBXProject "GitBot" */;
			compatibilityVersion = "Xcode 13.0";
			developmentRegion = en;
			hasScannedForEncodings = 0;
			knownRegions = (
				en,
				Base,
			);
			mainGroup = 96BFD29F2835E84400D4DF54;
			productRefGroup = 96BFD2A92835E84400D4DF54 /* Products */;
			projectDirPath = "";
			projectRoot = "";
			targets = (
				96BFD2A72835E84400D4DF54 /* GitBot */,
				96BFD2C02835E84900D4DF54 /* GitBotTests */,
				96BFD2CA2835E84900D4DF54 /* GitBotUITests */,
			);
		};
/* End PBXProject section */

/* Begin PBXResourcesBuildPhase section */
		96BFD2A62835E84400D4DF54 /* Resources */ = {
			isa = PBXResourcesBuildPhase;
			buildActionMask = 2147483647;
			files = (
				96BFD2BB2835E84900D4DF54 /* LaunchScreen.storyboard in Resources */,
				96BFD2B82835E84900D4DF54 /* Assets.xcassets in Resources */,
			);
			runOnlyForDeploymentPostprocessing = 0;
		};
		96BFD2BF2835E84900D4DF54 /* Resources */ = {
			isa = PBXResourcesBuildPhase;
			buildActionMask = 2147483647;
			files = (
			);
			runOnlyForDeploymentPostprocessing = 0;
		};
		96BFD2C92835E84900D4DF54 /* Resources */ = {
			isa = PBXResourcesBuildPhase;
			buildActionMask = 2147483647;
			files = (
			);
			runOnlyForDeploymentPostprocessing = 0;
		};
/* End PBXResourcesBuildPhase section */

/* Begin PBXSourcesBuildPhase section */
		96BFD2A42835E84400D4DF54 /* Sources */ = {
			isa = PBXSourcesBuildPhase;
			buildActionMask = 2147483647;
			files = (
				96C638EC283732DC001CAC57 /* GBTitleLabel.swift in Sources */,
				96C638EA28372BC0001CAC57 /* FollowerListViewController.swift in Sources */,
				96C638F228373C5B001CAC57 /* UIViewController+Ext.swift in Sources */,
				96C638E828371C01001CAC57 /* GBTextField.swift in Sources */,
				96C638E62837189F001CAC57 /* GBButton.swift in Sources */,
				96BFD2B62835E84400D4DF54 /* GitBot.xcdatamodeld in Sources */,
				96C638FD28377D7F001CAC57 /* User.swift in Sources */,
				96C638F0283734E7001CAC57 /* GBAlertViewController.swift in Sources */,
				96C638FB28377C80001CAC57 /* Follower.swift in Sources */,
				96BFD2AC2835E84400D4DF54 /* AppDelegate.swift in Sources */,
				96C638E22836C95E001CAC57 /* SearchViewController.swift in Sources */,
				96C638E42836C982001CAC57 /* FavoritesViewController.swift in Sources */,
				96259FD52838691200278C1A /* NetworkManager.swift in Sources */,
				96BFD2AE2835E84400D4DF54 /* SceneDelegate.swift in Sources */,
				96C638EE28373431001CAC57 /* GBBodyLabel.swift in Sources */,
			);
			runOnlyForDeploymentPostprocessing = 0;
		};
		96BFD2BD2835E84900D4DF54 /* Sources */ = {
			isa = PBXSourcesBuildPhase;
			buildActionMask = 2147483647;
			files = (
				96BFD2C62835E84900D4DF54 /* GitBotTests.swift in Sources */,
			);
			runOnlyForDeploymentPostprocessing = 0;
		};
		96BFD2C72835E84900D4DF54 /* Sources */ = {
			isa = PBXSourcesBuildPhase;
			buildActionMask = 2147483647;
			files = (
				96BFD2D02835E84900D4DF54 /* GitBotUITests.swift in Sources */,
				96BFD2D22835E84900D4DF54 /* GitBotUITestsLaunchTests.swift in Sources */,
			);
			runOnlyForDeploymentPostprocessing = 0;
		};
/* End PBXSourcesBuildPhase section */

/* Begin PBXTargetDependency section */
		96BFD2C32835E84900D4DF54 /* PBXTargetDependency */ = {
			isa = PBXTargetDependency;
			target = 96BFD2A72835E84400D4DF54 /* GitBot */;
			targetProxy = 96BFD2C22835E84900D4DF54 /* PBXContainerItemProxy */;
		};
		96BFD2CD2835E84900D4DF54 /* PBXTargetDependency */ = {
			isa = PBXTargetDependency;
			target = 96BFD2A72835E84400D4DF54 /* GitBot */;
			targetProxy = 96BFD2CC2835E84900D4DF54 /* PBXContainerItemProxy */;
		};
/* End PBXTargetDependency section */

/* Begin PBXVariantGroup section */
		96BFD2B92835E84900D4DF54 /* LaunchScreen.storyboard */ = {
			isa = PBXVariantGroup;
			children = (
				96BFD2BA2835E84900D4DF54 /* Base */,
			);
			name = LaunchScreen.storyboard;
			sourceTree = "<group>";
		};
/* End PBXVariantGroup section */

/* Begin XCBuildConfiguration section */
		96BFD2D32835E84900D4DF54 /* Debug */ = {
			isa = XCBuildConfiguration;
			buildSettings = {
				ALWAYS_SEARCH_USER_PATHS = NO;
				CLANG_ANALYZER_NONNULL = YES;
				CLANG_ANALYZER_NUMBER_OBJECT_CONVERSION = YES_AGGRESSIVE;
				CLANG_CXX_LANGUAGE_STANDARD = "gnu++17";
				CLANG_ENABLE_MODULES = YES;
				CLANG_ENABLE_OBJC_ARC = YES;
				CLANG_ENABLE_OBJC_WEAK = YES;
				CLANG_WARN_BLOCK_CAPTURE_AUTORELEASING = YES;
				CLANG_WARN_BOOL_CONVERSION = YES;
				CLANG_WARN_COMMA = YES;
				CLANG_WARN_CONSTANT_CONVERSION = YES;
				CLANG_WARN_DEPRECATED_OBJC_IMPLEMENTATIONS = YES;
				CLANG_WARN_DIRECT_OBJC_ISA_USAGE = YES_ERROR;
				CLANG_WARN_DOCUMENTATION_COMMENTS = YES;
				CLANG_WARN_EMPTY_BODY = YES;
				CLANG_WARN_ENUM_CONVERSION = YES;
				CLANG_WARN_INFINITE_RECURSION = YES;
				CLANG_WARN_INT_CONVERSION = YES;
				CLANG_WARN_NON_LITERAL_NULL_CONVERSION = YES;
				CLANG_WARN_OBJC_IMPLICIT_RETAIN_SELF = YES;
				CLANG_WARN_OBJC_LITERAL_CONVERSION = YES;
				CLANG_WARN_OBJC_ROOT_CLASS = YES_ERROR;
				CLANG_WARN_QUOTED_INCLUDE_IN_FRAMEWORK_HEADER = YES;
				CLANG_WARN_RANGE_LOOP_ANALYSIS = YES;
				CLANG_WARN_STRICT_PROTOTYPES = YES;
				CLANG_WARN_SUSPICIOUS_MOVE = YES;
				CLANG_WARN_UNGUARDED_AVAILABILITY = YES_AGGRESSIVE;
				CLANG_WARN_UNREACHABLE_CODE = YES;
				CLANG_WARN__DUPLICATE_METHOD_MATCH = YES;
				COPY_PHASE_STRIP = NO;
				DEBUG_INFORMATION_FORMAT = dwarf;
				ENABLE_STRICT_OBJC_MSGSEND = YES;
				ENABLE_TESTABILITY = YES;
				GCC_C_LANGUAGE_STANDARD = gnu11;
				GCC_DYNAMIC_NO_PIC = NO;
				GCC_NO_COMMON_BLOCKS = YES;
				GCC_OPTIMIZATION_LEVEL = 0;
				GCC_PREPROCESSOR_DEFINITIONS = (
					"DEBUG=1",
					"$(inherited)",
				);
				GCC_WARN_64_TO_32_BIT_CONVERSION = YES;
				GCC_WARN_ABOUT_RETURN_TYPE = YES_ERROR;
				GCC_WARN_UNDECLARED_SELECTOR = YES;
				GCC_WARN_UNINITIALIZED_AUTOS = YES_AGGRESSIVE;
				GCC_WARN_UNUSED_FUNCTION = YES;
				GCC_WARN_UNUSED_VARIABLE = YES;
				IPHONEOS_DEPLOYMENT_TARGET = 15.4;
				MTL_ENABLE_DEBUG_INFO = INCLUDE_SOURCE;
				MTL_FAST_MATH = YES;
				ONLY_ACTIVE_ARCH = YES;
				SDKROOT = iphoneos;
				SWIFT_ACTIVE_COMPILATION_CONDITIONS = DEBUG;
				SWIFT_OPTIMIZATION_LEVEL = "-Onone";
			};
			name = Debug;
		};
		96BFD2D42835E84900D4DF54 /* Release */ = {
			isa = XCBuildConfiguration;
			buildSettings = {
				ALWAYS_SEARCH_USER_PATHS = NO;
				CLANG_ANALYZER_NONNULL = YES;
				CLANG_ANALYZER_NUMBER_OBJECT_CONVERSION = YES_AGGRESSIVE;
				CLANG_CXX_LANGUAGE_STANDARD = "gnu++17";
				CLANG_ENABLE_MODULES = YES;
				CLANG_ENABLE_OBJC_ARC = YES;
				CLANG_ENABLE_OBJC_WEAK = YES;
				CLANG_WARN_BLOCK_CAPTURE_AUTORELEASING = YES;
				CLANG_WARN_BOOL_CONVERSION = YES;
				CLANG_WARN_COMMA = YES;
				CLANG_WARN_CONSTANT_CONVERSION = YES;
				CLANG_WARN_DEPRECATED_OBJC_IMPLEMENTATIONS = YES;
				CLANG_WARN_DIRECT_OBJC_ISA_USAGE = YES_ERROR;
				CLANG_WARN_DOCUMENTATION_COMMENTS = YES;
				CLANG_WARN_EMPTY_BODY = YES;
				CLANG_WARN_ENUM_CONVERSION = YES;
				CLANG_WARN_INFINITE_RECURSION = YES;
				CLANG_WARN_INT_CONVERSION = YES;
				CLANG_WARN_NON_LITERAL_NULL_CONVERSION = YES;
				CLANG_WARN_OBJC_IMPLICIT_RETAIN_SELF = YES;
				CLANG_WARN_OBJC_LITERAL_CONVERSION = YES;
				CLANG_WARN_OBJC_ROOT_CLASS = YES_ERROR;
				CLANG_WARN_QUOTED_INCLUDE_IN_FRAMEWORK_HEADER = YES;
				CLANG_WARN_RANGE_LOOP_ANALYSIS = YES;
				CLANG_WARN_STRICT_PROTOTYPES = YES;
				CLANG_WARN_SUSPICIOUS_MOVE = YES;
				CLANG_WARN_UNGUARDED_AVAILABILITY = YES_AGGRESSIVE;
				CLANG_WARN_UNREACHABLE_CODE = YES;
				CLANG_WARN__DUPLICATE_METHOD_MATCH = YES;
				COPY_PHASE_STRIP = NO;
				DEBUG_INFORMATION_FORMAT = "dwarf-with-dsym";
				ENABLE_NS_ASSERTIONS = NO;
				ENABLE_STRICT_OBJC_MSGSEND = YES;
				GCC_C_LANGUAGE_STANDARD = gnu11;
				GCC_NO_COMMON_BLOCKS = YES;
				GCC_WARN_64_TO_32_BIT_CONVERSION = YES;
				GCC_WARN_ABOUT_RETURN_TYPE = YES_ERROR;
				GCC_WARN_UNDECLARED_SELECTOR = YES;
				GCC_WARN_UNINITIALIZED_AUTOS = YES_AGGRESSIVE;
				GCC_WARN_UNUSED_FUNCTION = YES;
				GCC_WARN_UNUSED_VARIABLE = YES;
				IPHONEOS_DEPLOYMENT_TARGET = 15.4;
				MTL_ENABLE_DEBUG_INFO = NO;
				MTL_FAST_MATH = YES;
				SDKROOT = iphoneos;
				SWIFT_COMPILATION_MODE = wholemodule;
				SWIFT_OPTIMIZATION_LEVEL = "-O";
				VALIDATE_PRODUCT = YES;
			};
			name = Release;
		};
		96BFD2D62835E84900D4DF54 /* Debug */ = {
			isa = XCBuildConfiguration;
			buildSettings = {
				ASSETCATALOG_COMPILER_APPICON_NAME = AppIcon;
				ASSETCATALOG_COMPILER_GLOBAL_ACCENT_COLOR_NAME = AccentColor;
				CODE_SIGN_STYLE = Automatic;
				CURRENT_PROJECT_VERSION = 1;
				DEVELOPMENT_TEAM = 6G5MP9XUH9;
				GENERATE_INFOPLIST_FILE = YES;
				INFOPLIST_FILE = GitBot/Support/Info.plist;
				INFOPLIST_KEY_UIApplicationSupportsIndirectInputEvents = YES;
				INFOPLIST_KEY_UILaunchStoryboardName = LaunchScreen;
				INFOPLIST_KEY_UISupportedInterfaceOrientations = UIInterfaceOrientationPortrait;
				INFOPLIST_KEY_UISupportedInterfaceOrientations_iPad = "UIInterfaceOrientationPortrait UIInterfaceOrientationPortraitUpsideDown UIInterfaceOrientationLandscapeLeft UIInterfaceOrientationLandscapeRight";
				INFOPLIST_KEY_UISupportedInterfaceOrientations_iPhone = "UIInterfaceOrientationPortrait UIInterfaceOrientationLandscapeLeft UIInterfaceOrientationLandscapeRight";
				LD_RUNPATH_SEARCH_PATHS = (
					"$(inherited)",
					"@executable_path/Frameworks",
				);
				MARKETING_VERSION = 1.0;
				PRODUCT_BUNDLE_IDENTIFIER = com.ahmd.GitBot;
				PRODUCT_NAME = "$(TARGET_NAME)";
				SWIFT_EMIT_LOC_STRINGS = YES;
				SWIFT_VERSION = 5.0;
				TARGETED_DEVICE_FAMILY = 1;
			};
			name = Debug;
		};
		96BFD2D72835E84900D4DF54 /* Release */ = {
			isa = XCBuildConfiguration;
			buildSettings = {
				ASSETCATALOG_COMPILER_APPICON_NAME = AppIcon;
				ASSETCATALOG_COMPILER_GLOBAL_ACCENT_COLOR_NAME = AccentColor;
				CODE_SIGN_STYLE = Automatic;
				CURRENT_PROJECT_VERSION = 1;
				DEVELOPMENT_TEAM = 6G5MP9XUH9;
				GENERATE_INFOPLIST_FILE = YES;
				INFOPLIST_FILE = GitBot/Support/Info.plist;
				INFOPLIST_KEY_UIApplicationSupportsIndirectInputEvents = YES;
				INFOPLIST_KEY_UILaunchStoryboardName = LaunchScreen;
				INFOPLIST_KEY_UISupportedInterfaceOrientations = UIInterfaceOrientationPortrait;
				INFOPLIST_KEY_UISupportedInterfaceOrientations_iPad = "UIInterfaceOrientationPortrait UIInterfaceOrientationPortraitUpsideDown UIInterfaceOrientationLandscapeLeft UIInterfaceOrientationLandscapeRight";
				INFOPLIST_KEY_UISupportedInterfaceOrientations_iPhone = "UIInterfaceOrientationPortrait UIInterfaceOrientationLandscapeLeft UIInterfaceOrientationLandscapeRight";
				LD_RUNPATH_SEARCH_PATHS = (
					"$(inherited)",
					"@executable_path/Frameworks",
				);
				MARKETING_VERSION = 1.0;
				PRODUCT_BUNDLE_IDENTIFIER = com.ahmd.GitBot;
				PRODUCT_NAME = "$(TARGET_NAME)";
				SWIFT_EMIT_LOC_STRINGS = YES;
				SWIFT_VERSION = 5.0;
				TARGETED_DEVICE_FAMILY = 1;
			};
			name = Release;
		};
		96BFD2D92835E84900D4DF54 /* Debug */ = {
			isa = XCBuildConfiguration;
			buildSettings = {
				ALWAYS_EMBED_SWIFT_STANDARD_LIBRARIES = YES;
				BUNDLE_LOADER = "$(TEST_HOST)";
				CODE_SIGN_STYLE = Automatic;
				CURRENT_PROJECT_VERSION = 1;
				DEVELOPMENT_TEAM = 6G5MP9XUH9;
				GENERATE_INFOPLIST_FILE = YES;
				IPHONEOS_DEPLOYMENT_TARGET = 15.4;
				MARKETING_VERSION = 1.0;
				PRODUCT_BUNDLE_IDENTIFIER = com.ahmd.GitBotTests;
				PRODUCT_NAME = "$(TARGET_NAME)";
				SWIFT_EMIT_LOC_STRINGS = NO;
				SWIFT_VERSION = 5.0;
				TARGETED_DEVICE_FAMILY = "1,2";
				TEST_HOST = "$(BUILT_PRODUCTS_DIR)/GitBot.app/GitBot";
			};
			name = Debug;
		};
		96BFD2DA2835E84900D4DF54 /* Release */ = {
			isa = XCBuildConfiguration;
			buildSettings = {
				ALWAYS_EMBED_SWIFT_STANDARD_LIBRARIES = YES;
				BUNDLE_LOADER = "$(TEST_HOST)";
				CODE_SIGN_STYLE = Automatic;
				CURRENT_PROJECT_VERSION = 1;
				DEVELOPMENT_TEAM = 6G5MP9XUH9;
				GENERATE_INFOPLIST_FILE = YES;
				IPHONEOS_DEPLOYMENT_TARGET = 15.4;
				MARKETING_VERSION = 1.0;
				PRODUCT_BUNDLE_IDENTIFIER = com.ahmd.GitBotTests;
				PRODUCT_NAME = "$(TARGET_NAME)";
				SWIFT_EMIT_LOC_STRINGS = NO;
				SWIFT_VERSION = 5.0;
				TARGETED_DEVICE_FAMILY = "1,2";
				TEST_HOST = "$(BUILT_PRODUCTS_DIR)/GitBot.app/GitBot";
			};
			name = Release;
		};
		96BFD2DC2835E84900D4DF54 /* Debug */ = {
			isa = XCBuildConfiguration;
			buildSettings = {
				ALWAYS_EMBED_SWIFT_STANDARD_LIBRARIES = YES;
				CODE_SIGN_STYLE = Automatic;
				CURRENT_PROJECT_VERSION = 1;
				DEVELOPMENT_TEAM = 6G5MP9XUH9;
				GENERATE_INFOPLIST_FILE = YES;
				MARKETING_VERSION = 1.0;
				PRODUCT_BUNDLE_IDENTIFIER = com.ahmd.GitBotUITests;
				PRODUCT_NAME = "$(TARGET_NAME)";
				SWIFT_EMIT_LOC_STRINGS = NO;
				SWIFT_VERSION = 5.0;
				TARGETED_DEVICE_FAMILY = "1,2";
				TEST_TARGET_NAME = GitBot;
			};
			name = Debug;
		};
		96BFD2DD2835E84900D4DF54 /* Release */ = {
			isa = XCBuildConfiguration;
			buildSettings = {
				ALWAYS_EMBED_SWIFT_STANDARD_LIBRARIES = YES;
				CODE_SIGN_STYLE = Automatic;
				CURRENT_PROJECT_VERSION = 1;
				DEVELOPMENT_TEAM = 6G5MP9XUH9;
				GENERATE_INFOPLIST_FILE = YES;
				MARKETING_VERSION = 1.0;
				PRODUCT_BUNDLE_IDENTIFIER = com.ahmd.GitBotUITests;
				PRODUCT_NAME = "$(TARGET_NAME)";
				SWIFT_EMIT_LOC_STRINGS = NO;
				SWIFT_VERSION = 5.0;
				TARGETED_DEVICE_FAMILY = "1,2";
				TEST_TARGET_NAME = GitBot;
			};
			name = Release;
		};
/* End XCBuildConfiguration section */

/* Begin XCConfigurationList section */
		96BFD2A32835E84400D4DF54 /* Build configuration list for PBXProject "GitBot" */ = {
			isa = XCConfigurationList;
			buildConfigurations = (
				96BFD2D32835E84900D4DF54 /* Debug */,
				96BFD2D42835E84900D4DF54 /* Release */,
			);
			defaultConfigurationIsVisible = 0;
			defaultConfigurationName = Release;
		};
		96BFD2D52835E84900D4DF54 /* Build configuration list for PBXNativeTarget "GitBot" */ = {
			isa = XCConfigurationList;
			buildConfigurations = (
				96BFD2D62835E84900D4DF54 /* Debug */,
				96BFD2D72835E84900D4DF54 /* Release */,
			);
			defaultConfigurationIsVisible = 0;
			defaultConfigurationName = Release;
		};
		96BFD2D82835E84900D4DF54 /* Build configuration list for PBXNativeTarget "GitBotTests" */ = {
			isa = XCConfigurationList;
			buildConfigurations = (
				96BFD2D92835E84900D4DF54 /* Debug */,
				96BFD2DA2835E84900D4DF54 /* Release */,
			);
			defaultConfigurationIsVisible = 0;
			defaultConfigurationName = Release;
		};
		96BFD2DB2835E84900D4DF54 /* Build configuration list for PBXNativeTarget "GitBotUITests" */ = {
			isa = XCConfigurationList;
			buildConfigurations = (
				96BFD2DC2835E84900D4DF54 /* Debug */,
				96BFD2DD2835E84900D4DF54 /* Release */,
			);
			defaultConfigurationIsVisible = 0;
			defaultConfigurationName = Release;
		};
/* End XCConfigurationList section */

/* Begin XCVersionGroup section */
		96BFD2B42835E84400D4DF54 /* GitBot.xcdatamodeld */ = {
			isa = XCVersionGroup;
			children = (
				96BFD2B52835E84400D4DF54 /* GitBot.xcdatamodel */,
			);
			currentVersion = 96BFD2B52835E84400D4DF54 /* GitBot.xcdatamodel */;
			path = GitBot.xcdatamodeld;
			sourceTree = "<group>";
			versionGroupType = wrapper.xcdatamodel;
		};
/* End XCVersionGroup section */
	};
	rootObject = 96BFD2A02835E84400D4DF54 /* Project object */;
}
